<?xml version="1.0" encoding="utf-8"?>
<Project ToolsVersion="4.0" xmlns="http://schemas.microsoft.com/developer/msbuild/2003">
  <ItemGroup>
    <Filter Include="Source files">
      <UniqueIdentifier>{dcf88db6-8d33-44f4-bfe5-c3fcc08c896b}</UniqueIdentifier>
      <Extensions>cpp;c;cc;cxx;def;odl;idl;hpj;bat;asm;asmx</Extensions>
    </Filter>
    <Filter Include="Header files">
      <UniqueIdentifier>{267e6343-c579-483d-9213-ff9131ab2410}</UniqueIdentifier>
      <Extensions>h;hpp;hxx;hm;inl;inc;xsd</Extensions>
    </Filter>
    <Filter Include="Resource files">
      <UniqueIdentifier>{db958a5a-ad64-4dcb-8a85-0cf0492c5e4b}</UniqueIdentifier>
      <Extensions>rc;ico;cur;bmp;dlg;rc2;rct;bin;rgs;gif;jpg;jpeg;jpe;resx;tiff;tif;png;wav</Extensions>
    </Filter>
    <Filter Include="Source files\Startup">
      <UniqueIdentifier>{96ed3344-5814-44ef-9405-79d2dcbea0c2}</UniqueIdentifier>
    </Filter>
    <Filter Include="Source files\STM32Cube HAL">
      <UniqueIdentifier>{47fcf38b-0099-4cca-bf06-d7721410737b}</UniqueIdentifier>
    </Filter>
    <Filter Include="Source files\STM32Cube HAL\COMMON">
      <UniqueIdentifier>{1a77fffe-74f5-49ca-b48f-fd6c52522cd7}</UniqueIdentifier>
    </Filter>
    <Filter Include="Source files\STM32Cube HAL\ADC">
      <UniqueIdentifier>{7288af01-8f0c-4c4e-b860-d7d1c57486c7}</UniqueIdentifier>
    </Filter>
    <Filter Include="Source files\STM32Cube HAL\RCC">
      <UniqueIdentifier>{c9869689-4975-4ebd-8cda-2e1ab9aa66b0}</UniqueIdentifier>
    </Filter>
    <Filter Include="Source files\STM32Cube HAL\CORTEX">
      <UniqueIdentifier>{4c994fd0-22f4-42b1-a1f9-3ac4a761a251}</UniqueIdentifier>
    </Filter>
    <Filter Include="Source files\STM32Cube HAL\TIM">
      <UniqueIdentifier>{db764dc0-263b-481e-971b-2a82fcd5b8db}</UniqueIdentifier>
    </Filter>
    <Filter Include="Source files\STM32Cube HAL\UART">
      <UniqueIdentifier>{111317cf-5bce-46a2-9387-fb01b7682d94}</UniqueIdentifier>
    </Filter>
    <Filter Include="Source files\STM32Cube HAL\DMA">
      <UniqueIdentifier>{ee7912de-68c9-41e6-a8b7-5b1ccbed7345}</UniqueIdentifier>
    </Filter>
    <Filter Include="Source files\STM32Cube HAL\PWR">
      <UniqueIdentifier>{30678223-113d-49d4-bc41-a1d86cfda002}</UniqueIdentifier>
    </Filter>
    <Filter Include="Source files\STM32Cube HAL\FLASH">
      <UniqueIdentifier>{39708253-d249-4512-b99a-7226ac44afdc}</UniqueIdentifier>
    </Filter>
    <Filter Include="Source files\STM32Cube HAL\GPIO">
      <UniqueIdentifier>{9f52f311-281c-4ead-991e-821552a4fbfd}</UniqueIdentifier>
    </Filter>
    <Filter Include="Source files\Device-specific files">
      <UniqueIdentifier>{eb58b6e8-1550-48c4-83c6-d39fc60ac04c}</UniqueIdentifier>
    </Filter>
    <Filter Include="Header files\Startup">
      <UniqueIdentifier>{eac46e35-cdc3-44a4-89ca-6d61552f3f96}</UniqueIdentifier>
    </Filter>
    <Filter Include="Header files\STM32Cube HAL">
      <UniqueIdentifier>{ea29291f-f274-464d-82d3-17e095c1983f}</UniqueIdentifier>
    </Filter>
    <Filter Include="Header files\STM32Cube HAL\COMMON">
      <UniqueIdentifier>{beb592e2-f1e0-48ef-898b-78f8bba1e9c4}</UniqueIdentifier>
    </Filter>
    <Filter Include="Header files\STM32Cube HAL\ADC">
      <UniqueIdentifier>{7175d026-2b19-434b-809d-77f519ad7051}</UniqueIdentifier>
    </Filter>
    <Filter Include="Header files\STM32Cube HAL\RCC">
      <UniqueIdentifier>{1454deaa-4c17-4119-a75b-ac1f33163978}</UniqueIdentifier>
    </Filter>
    <Filter Include="Header files\STM32Cube HAL\CORTEX">
      <UniqueIdentifier>{fe458b03-b426-43f6-b6b4-28210efe1107}</UniqueIdentifier>
    </Filter>
    <Filter Include="Header files\STM32Cube HAL\TIM">
      <UniqueIdentifier>{c01ccb04-ab72-47f5-9946-7b4a7f390f56}</UniqueIdentifier>
    </Filter>
    <Filter Include="Header files\STM32Cube HAL\UART">
      <UniqueIdentifier>{98476db8-3657-4d0b-9c8a-4c2a9dc82844}</UniqueIdentifier>
    </Filter>
    <Filter Include="Header files\STM32Cube HAL\DMA">
      <UniqueIdentifier>{688a2c48-c51c-4437-a0e4-c3fbc34557ca}</UniqueIdentifier>
    </Filter>
    <Filter Include="Header files\STM32Cube HAL\PWR">
      <UniqueIdentifier>{f48481e2-ae93-4bab-b687-e6aa8fda150d}</UniqueIdentifier>
    </Filter>
    <Filter Include="Header files\STM32Cube HAL\FLASH">
      <UniqueIdentifier>{e0153744-1785-492f-9864-22a118a44b51}</UniqueIdentifier>
    </Filter>
    <Filter Include="Header files\STM32Cube HAL\GPIO">
      <UniqueIdentifier>{26c41a04-fb79-4f47-9cc6-d3eb67d45d38}</UniqueIdentifier>
    </Filter>
    <Filter Include="Header files\Device-specific files">
      <UniqueIdentifier>{1a420f25-6e60-4a7c-84de-bcbb85f53a70}</UniqueIdentifier>
    </Filter>
    <Filter Include="Make files">
      <UniqueIdentifier>{467980a6-9a4e-402c-bed4-7cf125ea8e2d}</UniqueIdentifier>
    </Filter>
    <Filter Include="VisualGDB settings">
      <UniqueIdentifier>{d03bf27d-2c80-4de8-9a3b-8b6718ef9b4d}</UniqueIdentifier>
    </Filter>
    <Filter Include="Source files\STM32Cube HAL\DAC">
      <UniqueIdentifier>{d527970d-3e74-4c8b-9317-1006f9b2eab6}</UniqueIdentifier>
    </Filter>
    <Filter Include="Header files\STM32Cube HAL\DAC">
      <UniqueIdentifier>{4f77de00-c647-477f-9c3d-b7f25372deee}</UniqueIdentifier>
    </Filter>
    <Filter Include="Source files\STM32Cube HAL\FREERTOS">
      <UniqueIdentifier>{c4695d0b-3c8b-4dcb-85d0-c565bb5940d7}</UniqueIdentifier>
    </Filter>
    <Filter Include="Source files\STM32Cube HAL\IWDG">
      <UniqueIdentifier>{05ed387e-26eb-4141-a0c7-b8a82c95f6b1}</UniqueIdentifier>
    </Filter>
    <Filter Include="Header files\STM32Cube HAL\FREERTOS">
      <UniqueIdentifier>{0401505c-2cf0-4c40-8c59-d908c273a216}</UniqueIdentifier>
    </Filter>
    <Filter Include="Header files\STM32Cube HAL\IWDG">
      <UniqueIdentifier>{f172c605-9f6a-4d1c-bf21-55714db14655}</UniqueIdentifier>
    </Filter>
  </ItemGroup>
  <ItemGroup>
    <None Include="Makefile" />
  </ItemGroup>
  <ItemGroup>
    <ClCompile Include="..\Src\gpio.c">
      <Filter>Source files</Filter>
    </ClCompile>
    <ClCompile Include="..\Src\adc.c">
      <Filter>Source files</Filter>
    </ClCompile>
    <ClCompile Include="..\Src\dma.c">
      <Filter>Source files</Filter>
    </ClCompile>
    <ClCompile Include="..\Src\usart.c">
      <Filter>Source files</Filter>
    </ClCompile>
    <ClCompile Include="..\Src\stm32f1xx_it.c">
      <Filter>Source files</Filter>
    </ClCompile>
    <ClCompile Include="..\Src\stm32f1xx_hal_msp.c">
      <Filter>Source files</Filter>
    </ClCompile>
    <ClCompile Include="..\Src\main.c">
      <Filter>Source files</Filter>
    </ClCompile>
    <ClCompile Include="..\Drivers\CMSIS\Device\ST\STM32F1xx\Source\Templates\system_stm32f1xx.c">
      <Filter>Source files\Startup</Filter>
    </ClCompile>
    <ClCompile Include="..\Drivers\STM32F1xx_HAL_Driver\Src\stm32f1xx_hal.c">
      <Filter>Source files\STM32Cube HAL\COMMON</Filter>
    </ClCompile>
    <ClCompile Include="..\Drivers\STM32F1xx_HAL_Driver\Src\stm32f1xx_hal_adc.c">
      <Filter>Source files\STM32Cube HAL\ADC</Filter>
    </ClCompile>
    <ClCompile Include="..\Drivers\STM32F1xx_HAL_Driver\Src\stm32f1xx_hal_adc_ex.c">
      <Filter>Source files\STM32Cube HAL\ADC</Filter>
    </ClCompile>
    <ClCompile Include="..\Drivers\STM32F1xx_HAL_Driver\Src\stm32f1xx_hal_rcc.c">
      <Filter>Source files\STM32Cube HAL\RCC</Filter>
    </ClCompile>
    <ClCompile Include="..\Drivers\STM32F1xx_HAL_Driver\Src\stm32f1xx_hal_rcc_ex.c">
      <Filter>Source files\STM32Cube HAL\RCC</Filter>
    </ClCompile>
    <ClCompile Include="..\Drivers\STM32F1xx_HAL_Driver\Src\stm32f1xx_hal_cortex.c">
      <Filter>Source files\STM32Cube HAL\CORTEX</Filter>
    </ClCompile>
    <ClCompile Include="..\Drivers\STM32F1xx_HAL_Driver\Src\stm32f1xx_hal_tim.c">
      <Filter>Source files\STM32Cube HAL\TIM</Filter>
    </ClCompile>
    <ClCompile Include="..\Drivers\STM32F1xx_HAL_Driver\Src\stm32f1xx_hal_tim_ex.c">
      <Filter>Source files\STM32Cube HAL\TIM</Filter>
    </ClCompile>
    <ClCompile Include="..\Drivers\STM32F1xx_HAL_Driver\Src\stm32f1xx_hal_uart.c">
      <Filter>Source files\STM32Cube HAL\UART</Filter>
    </ClCompile>
    <ClCompile Include="..\Drivers\STM32F1xx_HAL_Driver\Src\stm32f1xx_hal_dma.c">
      <Filter>Source files\STM32Cube HAL\DMA</Filter>
    </ClCompile>
    <ClCompile Include="..\Drivers\STM32F1xx_HAL_Driver\Src\stm32f1xx_hal_pwr.c">
      <Filter>Source files\STM32Cube HAL\PWR</Filter>
    </ClCompile>
    <ClCompile Include="..\Drivers\STM32F1xx_HAL_Driver\Src\stm32f1xx_hal_flash.c">
      <Filter>Source files\STM32Cube HAL\FLASH</Filter>
    </ClCompile>
    <ClCompile Include="..\Drivers\STM32F1xx_HAL_Driver\Src\stm32f1xx_hal_flash_ex.c">
      <Filter>Source files\STM32Cube HAL\FLASH</Filter>
    </ClCompile>
    <ClCompile Include="..\Drivers\STM32F1xx_HAL_Driver\Src\stm32f1xx_hal_gpio.c">
      <Filter>Source files\STM32Cube HAL\GPIO</Filter>
    </ClCompile>
    <None Include="stm32.mak">
      <Filter>Source files\Device-specific files</Filter>
    </None>
    <ClCompile Include="$(BSP_ROOT)\STM32F1xxxx\StartupFiles\startup_stm32f103xe.c">
      <Filter>Source files\Device-specific files</Filter>
    </ClCompile>
    <ClInclude Include="..\Inc\gpio.h">
      <Filter>Header files</Filter>
    </ClInclude>
    <ClInclude Include="..\Inc\adc.h">
      <Filter>Header files</Filter>
    </ClInclude>
    <ClInclude Include="..\Inc\dma.h">
      <Filter>Header files</Filter>
    </ClInclude>
    <ClInclude Include="..\Inc\usart.h">
      <Filter>Header files</Filter>
    </ClInclude>
    <ClInclude Include="..\Inc\stm32f1xx_it.h">
      <Filter>Header files</Filter>
    </ClInclude>
    <ClInclude Include="..\Inc\stm32f1xx_hal_conf.h">
      <Filter>Header files</Filter>
    </ClInclude>
    <ClInclude Include="..\Inc\main.h">
      <Filter>Header files</Filter>
    </ClInclude>
    <ClInclude Include="..\Drivers\CMSIS\Device\ST\STM32F1xx\Include\stm32f1xx.h">
      <Filter>Header files\Startup</Filter>
    </ClInclude>
    <ClInclude Include="..\Drivers\CMSIS\Device\ST\STM32F1xx\Include\system_stm32f1xx.h">
      <Filter>Header files\Startup</Filter>
    </ClInclude>
    <ClInclude Include="..\Drivers\STM32F1xx_HAL_Driver\Inc\stm32f1xx_hal.h">
      <Filter>Header files\STM32Cube HAL\COMMON</Filter>
    </ClInclude>
    <ClInclude Include="..\Drivers\STM32F1xx_HAL_Driver\Inc\Legacy\stm32_hal_legacy.h">
      <Filter>Header files\STM32Cube HAL\COMMON</Filter>
    </ClInclude>
    <ClInclude Include="..\Drivers\STM32F1xx_HAL_Driver\Inc\stm32f1xx_hal_def.h">
      <Filter>Header files\STM32Cube HAL\COMMON</Filter>
    </ClInclude>
    <ClInclude Include="..\Drivers\STM32F1xx_HAL_Driver\Inc\stm32f1xx_hal_adc.h">
      <Filter>Header files\STM32Cube HAL\ADC</Filter>
    </ClInclude>
    <ClInclude Include="..\Drivers\STM32F1xx_HAL_Driver\Inc\stm32f1xx_hal_adc_ex.h">
      <Filter>Header files\STM32Cube HAL\ADC</Filter>
    </ClInclude>
    <ClInclude Include="..\Drivers\STM32F1xx_HAL_Driver\Inc\stm32f1xx_hal_rcc.h">
      <Filter>Header files\STM32Cube HAL\RCC</Filter>
    </ClInclude>
    <ClInclude Include="..\Drivers\STM32F1xx_HAL_Driver\Inc\stm32f1xx_hal_rcc_ex.h">
      <Filter>Header files\STM32Cube HAL\RCC</Filter>
    </ClInclude>
    <ClInclude Include="..\Drivers\STM32F1xx_HAL_Driver\Inc\stm32f1xx_hal_cortex.h">
      <Filter>Header files\STM32Cube HAL\CORTEX</Filter>
    </ClInclude>
    <ClInclude Include="..\Drivers\STM32F1xx_HAL_Driver\Inc\stm32f1xx_hal_tim.h">
      <Filter>Header files\STM32Cube HAL\TIM</Filter>
    </ClInclude>
    <ClInclude Include="..\Drivers\STM32F1xx_HAL_Driver\Inc\stm32f1xx_hal_tim_ex.h">
      <Filter>Header files\STM32Cube HAL\TIM</Filter>
    </ClInclude>
    <ClInclude Include="..\Drivers\STM32F1xx_HAL_Driver\Inc\stm32f1xx_hal_uart.h">
      <Filter>Header files\STM32Cube HAL\UART</Filter>
    </ClInclude>
    <ClInclude Include="..\Drivers\STM32F1xx_HAL_Driver\Inc\stm32f1xx_hal_dma_ex.h">
      <Filter>Header files\STM32Cube HAL\DMA</Filter>
    </ClInclude>
    <ClInclude Include="..\Drivers\STM32F1xx_HAL_Driver\Inc\stm32f1xx_hal_dma.h">
      <Filter>Header files\STM32Cube HAL\DMA</Filter>
    </ClInclude>
    <ClInclude Include="..\Drivers\STM32F1xx_HAL_Driver\Inc\stm32f1xx_hal_pwr.h">
      <Filter>Header files\STM32Cube HAL\PWR</Filter>
    </ClInclude>
    <ClInclude Include="..\Drivers\STM32F1xx_HAL_Driver\Inc\stm32f1xx_hal_flash.h">
      <Filter>Header files\STM32Cube HAL\FLASH</Filter>
    </ClInclude>
    <ClInclude Include="..\Drivers\STM32F1xx_HAL_Driver\Inc\stm32f1xx_hal_flash_ex.h">
      <Filter>Header files\STM32Cube HAL\FLASH</Filter>
    </ClInclude>
    <ClInclude Include="..\Drivers\STM32F1xx_HAL_Driver\Inc\stm32f1xx_hal_gpio.h">
      <Filter>Header files\STM32Cube HAL\GPIO</Filter>
    </ClInclude>
    <ClInclude Include="..\Drivers\STM32F1xx_HAL_Driver\Inc\stm32f1xx_hal_gpio_ex.h">
      <Filter>Header files\STM32Cube HAL\GPIO</Filter>
    </ClInclude>
    <ClCompile Include="..\Drivers\STM32F1xx_HAL_Driver\Src\stm32f1xx_hal_gpio_ex.c">
      <Filter>Header files\STM32Cube HAL\GPIO</Filter>
    </ClCompile>
    <None Include="debug.mak">
      <Filter>Make files</Filter>
    </None>
    <None Include="release.mak">
      <Filter>Make files</Filter>
    </None>
    <None Include="slaker-Debug.vgdbsettings">
      <Filter>VisualGDB settings</Filter>
    </None>
    <None Include="slaker-Release.vgdbsettings">
      <Filter>VisualGDB settings</Filter>
    </None>
    <None Include="stm32.xml">
      <Filter>VisualGDB settings</Filter>
    </None>
    <ClCompile Include="..\Src\dac.c">
      <Filter>Source files</Filter>
    </ClCompile>
    <ClCompile Include="..\Drivers\STM32F1xx_HAL_Driver\Src\stm32f1xx_hal_dac.c">
      <Filter>Source files\STM32Cube HAL\DAC</Filter>
    </ClCompile>
    <ClCompile Include="..\Drivers\STM32F1xx_HAL_Driver\Src\stm32f1xx_hal_dac_ex.c">
      <Filter>Source files\STM32Cube HAL\DAC</Filter>
    </ClCompile>
    <ClInclude Include="..\Inc\dac.h">
      <Filter>Header files</Filter>
    </ClInclude>
    <ClInclude Include="..\Drivers\STM32F1xx_HAL_Driver\Inc\stm32f1xx_hal_dac.h">
      <Filter>Header files\STM32Cube HAL\DAC</Filter>
    </ClInclude>
    <ClInclude Include="..\Drivers\STM32F1xx_HAL_Driver\Inc\stm32f1xx_hal_dac_ex.h">
      <Filter>Header files\STM32Cube HAL\DAC</Filter>
    </ClInclude>
    <ClCompile Include="..\Src\freertos.c">
      <Filter>Source files</Filter>
    </ClCompile>
    <ClCompile Include="..\Src\iwdg.c">
      <Filter>Source files</Filter>
    </ClCompile>
    <ClCompile Include="..\Src\stm32f1xx_hal_timebase_TIM.c">
      <Filter>Source files</Filter>
    </ClCompile>
    <ClCompile Include="..\Middlewares\Third_Party\FreeRTOS\Source\croutine.c">
      <Filter>Source files\STM32Cube HAL\FREERTOS</Filter>
    </ClCompile>
    <ClCompile Include="..\Middlewares\Third_Party\FreeRTOS\Source\event_groups.c">
      <Filter>Source files\STM32Cube HAL\FREERTOS</Filter>
    </ClCompile>
    <ClCompile Include="..\Middlewares\Third_Party\FreeRTOS\Source\list.c">
      <Filter>Source files\STM32Cube HAL\FREERTOS</Filter>
    </ClCompile>
    <ClCompile Include="..\Middlewares\Third_Party\FreeRTOS\Source\queue.c">
      <Filter>Source files\STM32Cube HAL\FREERTOS</Filter>
    </ClCompile>
    <ClCompile Include="..\Middlewares\Third_Party\FreeRTOS\Source\tasks.c">
      <Filter>Source files\STM32Cube HAL\FREERTOS</Filter>
    </ClCompile>
    <ClCompile Include="..\Middlewares\Third_Party\FreeRTOS\Source\timers.c">
      <Filter>Source files\STM32Cube HAL\FREERTOS</Filter>
    </ClCompile>
    <ClCompile Include="..\Middlewares\Third_Party\FreeRTOS\Source\CMSIS_RTOS\cmsis_os.c">
      <Filter>Source files\STM32Cube HAL\FREERTOS</Filter>
    </ClCompile>
    <ClCompile Include="..\Middlewares\Third_Party\FreeRTOS\Source\portable\MemMang\heap_4.c">
      <Filter>Source files\STM32Cube HAL\FREERTOS</Filter>
    </ClCompile>
    <ClCompile Include="..\Middlewares\Third_Party\FreeRTOS\Source\portable\GCC\ARM_CM3\port.c">
      <Filter>Source files\STM32Cube HAL\FREERTOS</Filter>
    </ClCompile>
    <ClCompile Include="..\Drivers\STM32F1xx_HAL_Driver\Src\stm32f1xx_hal_iwdg.c">
      <Filter>Source files\STM32Cube HAL\IWDG</Filter>
    </ClCompile>
    <ClInclude Include="..\Inc\FreeRTOSConfig.h">
      <Filter>Header files</Filter>
    </ClInclude>
    <ClInclude Include="..\Inc\iwdg.h">
      <Filter>Header files</Filter>
    </ClInclude>
    <ClInclude Include="..\Middlewares\Third_Party\FreeRTOS\Source\include\croutine.h">
      <Filter>Header files\STM32Cube HAL\FREERTOS</Filter>
    </ClInclude>
    <ClInclude Include="..\Middlewares\Third_Party\FreeRTOS\Source\include\deprecated_definitions.h">
      <Filter>Header files\STM32Cube HAL\FREERTOS</Filter>
    </ClInclude>
    <ClInclude Include="..\Middlewares\Third_Party\FreeRTOS\Source\include\event_groups.h">
      <Filter>Header files\STM32Cube HAL\FREERTOS</Filter>
    </ClInclude>
    <ClInclude Include="..\Middlewares\Third_Party\FreeRTOS\Source\include\FreeRTOS.h">
      <Filter>Header files\STM32Cube HAL\FREERTOS</Filter>
    </ClInclude>
    <ClInclude Include="..\Middlewares\Third_Party\FreeRTOS\Source\include\FreeRTOSConfig_template.h">
      <Filter>Header files\STM32Cube HAL\FREERTOS</Filter>
    </ClInclude>
    <ClInclude Include="..\Middlewares\Third_Party\FreeRTOS\Source\include\list.h">
      <Filter>Header files\STM32Cube HAL\FREERTOS</Filter>
    </ClInclude>
    <ClInclude Include="..\Middlewares\Third_Party\FreeRTOS\Source\include\mpu_prototypes.h">
      <Filter>Header files\STM32Cube HAL\FREERTOS</Filter>
    </ClInclude>
    <ClInclude Include="..\Middlewares\Third_Party\FreeRTOS\Source\include\mpu_wrappers.h">
      <Filter>Header files\STM32Cube HAL\FREERTOS</Filter>
    </ClInclude>
    <ClInclude Include="..\Middlewares\Third_Party\FreeRTOS\Source\include\portable.h">
      <Filter>Header files\STM32Cube HAL\FREERTOS</Filter>
    </ClInclude>
    <ClInclude Include="..\Middlewares\Third_Party\FreeRTOS\Source\include\projdefs.h">
      <Filter>Header files\STM32Cube HAL\FREERTOS</Filter>
    </ClInclude>
    <ClInclude Include="..\Middlewares\Third_Party\FreeRTOS\Source\include\queue.h">
      <Filter>Header files\STM32Cube HAL\FREERTOS</Filter>
    </ClInclude>
    <ClInclude Include="..\Middlewares\Third_Party\FreeRTOS\Source\include\semphr.h">
      <Filter>Header files\STM32Cube HAL\FREERTOS</Filter>
    </ClInclude>
    <ClInclude Include="..\Middlewares\Third_Party\FreeRTOS\Source\include\StackMacros.h">
      <Filter>Header files\STM32Cube HAL\FREERTOS</Filter>
    </ClInclude>
    <ClInclude Include="..\Middlewares\Third_Party\FreeRTOS\Source\include\task.h">
      <Filter>Header files\STM32Cube HAL\FREERTOS</Filter>
    </ClInclude>
    <ClInclude Include="..\Middlewares\Third_Party\FreeRTOS\Source\include\timers.h">
      <Filter>Header files\STM32Cube HAL\FREERTOS</Filter>
    </ClInclude>
    <ClInclude Include="..\Middlewares\Third_Party\FreeRTOS\Source\CMSIS_RTOS\cmsis_os.h">
      <Filter>Header files\STM32Cube HAL\FREERTOS</Filter>
    </ClInclude>
    <ClInclude Include="..\Middlewares\Third_Party\FreeRTOS\Source\portable\GCC\ARM_CM3\portmacro.h">
      <Filter>Header files\STM32Cube HAL\FREERTOS</Filter>
    </ClInclude>
    <ClInclude Include="..\Drivers\STM32F1xx_HAL_Driver\Inc\stm32f1xx_hal_iwdg.h">
      <Filter>Header files\STM32Cube HAL\IWDG</Filter>
    </ClInclude>
  </ItemGroup>
</Project>